# THIS IS AN AUTOGENERATED FILE. DO NOT EDIT THIS FILE DIRECTLY.
# yarn lockfile v1


"@vcnkit/essentials@^0.1.1":
  version "0.1.1"
  resolved "https://registry.yarnpkg.com/@vcnkit/essentials/-/essentials-0.1.1.tgz#241b0f96a71458e08a7512f8bc7ae8af1fe33972"
  integrity sha512-iOqCGPvh4oDWxiBLjWvKfk1D3b+MXv9EEKZfZAB2RgTuVq2UfR3F71fZ05K/2L1X6ssA9JRHr2X+C39JouyhTQ==
  dependencies:
    hoist-non-react-statics "^3.0.1"
    prop-types "^15.6.2"

"@vcnkit/theme@^2.1.1":
  version "2.1.1"
  resolved "https://registry.yarnpkg.com/@vcnkit/theme/-/theme-2.1.1.tgz#3e84f857233ccdea42dda2fbea439edc988b9341"
  integrity sha512-h/Rri8b43qnwbD8882kGCeEPv6skp/6KuZfvI2gEosx/HRaGykPr8LGAmySU8GIeOn9ArgP4941e+AhF9JPPbQ==
  dependencies:
    color "^3.0.0"
    hoist-non-react-statics "^3.0.1"
    prop-types "^15.6.2"

animated@^0.2.2:
  version "0.2.2"
  resolved "https://registry.yarnpkg.com/animated/-/animated-0.2.2.tgz#04af7846ad0b9b8d1f0472cc53d82b8efeb4a751"
  dependencies:
    invariant "^2.2.0"
    normalize-css-color "^1.0.1"

color-convert@^1.9.1:
  version "1.9.2"
  resolved "https://registry.yarnpkg.com/color-convert/-/color-convert-1.9.2.tgz#49881b8fba67df12a96bdf3f56c0aab9e7913147"
  dependencies:
    color-name "1.1.1"

color-name@1.1.1:
  version "1.1.1"
  resolved "https://registry.yarnpkg.com/color-name/-/color-name-1.1.1.tgz#4b1415304cf50028ea81643643bd82ea05803689"

color-name@^1.0.0:
  version "1.1.3"
  resolved "https://registry.yarnpkg.com/color-name/-/color-name-1.1.3.tgz#a7d0558bd89c42f795dd42328f740831ca53bc25"

color-string@^1.5.2:
  version "1.5.3"
  resolved "https://registry.yarnpkg.com/color-string/-/color-string-1.5.3.tgz#c9bbc5f01b58b5492f3d6857459cb6590ce204cc"
  dependencies:
    color-name "^1.0.0"
    simple-swizzle "^0.2.2"

color@^3.0.0:
  version "3.0.0"
  resolved "https://registry.yarnpkg.com/color/-/color-3.0.0.tgz#d920b4328d534a3ac8295d68f7bd4ba6c427be9a"
  dependencies:
    color-convert "^1.9.1"
    color-string "^1.5.2"

hoist-non-react-statics@^3.0.1:
  version "3.0.1"
  resolved "https://registry.yarnpkg.com/hoist-non-react-statics/-/hoist-non-react-statics-3.0.1.tgz#fba3e7df0210eb9447757ca1a7cb607162f0a364"
  dependencies:
    react-is "^16.3.2"

hoist-non-react-statics@^3.3.2:
  version "3.3.2"
  resolved "https://registry.yarnpkg.com/hoist-non-react-statics/-/hoist-non-react-statics-3.3.2.tgz#ece0acaf71d62c2969c2ec59feff42a4b1a85b45"
  integrity sha512-/gGivxi8JPKWNm/W0jSmzcMPpfpPLc3dY/6GxhX2hQ9iGj3aDfklV4ET7NjKpSinLpJ5vafa9iiGIEZg10SfBw==
  dependencies:
    react-is "^16.7.0"

invariant@^2.2.0:
  version "2.2.4"
  resolved "https://registry.yarnpkg.com/invariant/-/invariant-2.2.4.tgz#610f3c92c9359ce1db616e538008d23ff35158e6"
  dependencies:
    loose-envify "^1.0.0"

is-arrayish@^0.3.1:
  version "0.3.2"
  resolved "https://registry.yarnpkg.com/is-arrayish/-/is-arrayish-0.3.2.tgz#4574a2ae56f7ab206896fb431eaeed066fdf8f03"

"js-tokens@^3.0.0 || ^4.0.0":
  version "4.0.0"
  resolved "https://registry.yarnpkg.com/js-tokens/-/js-tokens-4.0.0.tgz#19203fb59991df98e3a287050d4647cdeaf32499"

loose-envify@^1.0.0, loose-envify@^1.3.1:
  version "1.4.0"
  resolved "https://registry.yarnpkg.com/loose-envify/-/loose-envify-1.4.0.tgz#71ee51fa7be4caec1a63839f7e682d8132d30caf"
  dependencies:
    js-tokens "^3.0.0 || ^4.0.0"

normalize-css-color@^1.0.1:
  version "1.0.2"
  resolved "https://registry.yarnpkg.com/normalize-css-color/-/normalize-css-color-1.0.2.tgz#02991e97cccec6623fe573afbbf0de6a1f3e9f8d"

object-assign@^4.1.1:
  version "4.1.1"
  resolved "https://registry.yarnpkg.com/object-assign/-/object-assign-4.1.1.tgz#2109adc7965887cfc05cbbd442cac8bfbb360863"

prop-types@^15.6.2:
  version "15.6.2"
  resolved "https://registry.yarnpkg.com/prop-types/-/prop-types-15.6.2.tgz#05d5ca77b4453e985d60fc7ff8c859094a497102"
  dependencies:
    loose-envify "^1.3.1"
    object-assign "^4.1.1"

react-is@^16.3.2:
  version "16.4.2"
  resolved "https://registry.yarnpkg.com/react-is/-/react-is-16.4.2.tgz#84891b56c2b6d9efdee577cc83501dfc5ecead88"

react-is@^16.7.0:
  version "16.13.1"
  resolved "https://registry.yarnpkg.com/react-is/-/react-is-16.13.1.tgz#789729a4dc36de2999dc156dd6c1d9c18cea56a4"
  integrity sha512-24e6ynE2H+OKt4kqsOvNd8kBpV65zoxbA4BVsEOB3ARVWQki/DHzaUoC5KuON/BiccDaCCTZBuOcfZs70kR8bQ==

simple-swizzle@^0.2.2:
  version "0.2.2"
  resolved "https://registry.yarnpkg.com/simple-swizzle/-/simple-swizzle-0.2.2.tgz#a4da6b635ffcccca33f70d17cb92592de95e557a"
  dependencies:
    is-arrayish "^0.3.1"
